
Microsoft Visual Studio Solution File, Format Version 12.00
# Visual Studio Version 17
VisualStudioVersion = 17.10.34928.147
MinimumVisualStudioVersion = 10.0.40219.1
Project("{FAE04EC0-301F-11D3-BF4B-00C04F79EFBC}") = "OAuth2Server", "OAuth2Server\OAuth2Server.csproj", "{C794D17E-E5B3-4FB3-8966-4D6F91AB5645}"
EndProject
Global
	GlobalSection(SolutionConfigurationPlatforms) = preSolution
		Debug|Any CPU = Debug|Any CPU
		Release|Any CPU = Release|Any CPU
	EndGlobalSection
	GlobalSection(ProjectConfigurationPlatforms) = postSolution
		{C794D17E-E5B3-4FB3-8966-4D6F91AB5645}.Debug|Any CPU.ActiveCfg = Debug|Any CPU
		{C794D17E-E5B3-4FB3-8966-4D6F91AB5645}.Debug|Any CPU.Build.0 = Debug|Any CPU
		{C794D17E-E5B3-4FB3-8966-4D6F91AB5645}.Release|Any CPU.ActiveCfg = Release|Any CPU
		{C794D17E-E5B3-4FB3-8966-4D6F91AB5645}.Release|Any CPU.Build.0 = Release|Any CPU
	EndGlobalSection
	GlobalSection(SolutionProperties) = preSolution
		HideSolutionNode = FALSE
	EndGlobalSection
	GlobalSection(ExtensibilityGlobals) = postSolution
		SolutionGuid = {7AA0704E-D8F7-4BB8-A6B9-DC03C9FCF5D8}
	EndGlobalSection
EndGlobal
